
Microsoft Visual Studio Solution File, Format Version 12.00
# Visual Studio 15
VisualStudioVersion = 15.0.26430.13
MinimumVisualStudioVersion = 10.0.40219.1
Project("{FAE04EC0-301F-11D3-BF4B-00C04F79EFBC}") = "Task1", "Task1\Task1.csproj", "{2485D0D4-F229-4F07-8EF5-E4947BC88638}"
EndProject
Global
	GlobalSection(SolutionConfigurationPlatforms) = preSolution
		Debug|Any CPU = Debug|Any CPU
		Release|Any CPU = Release|Any CPU
	EndGlobalSection
	GlobalSection(ProjectConfigurationPlatforms) = postSolution
		{2485D0D4-F229-4F07-8EF5-E4947BC88638}.Debug|Any CPU.ActiveCfg = Debug|Any CPU
		{2485D0D4-F229-4F07-8EF5-E4947BC88638}.Debug|Any CPU.Build.0 = Debug|Any CPU
		{2485D0D4-F229-4F07-8EF5-E4947BC88638}.Release|Any CPU.ActiveCfg = Release|Any CPU
		{2485D0D4-F229-4F07-8EF5-E4947BC88638}.Release|Any CPU.Build.0 = Release|Any CPU
	EndGlobalSection
	GlobalSection(SolutionProperties) = preSolution
		HideSolutionNode = FALSE
	EndGlobalSection
EndGlobal
