
Microsoft Visual Studio Solution File, Format Version 12.00
# Visual Studio 15
VisualStudioVersion = 15.0.26430.13
MinimumVisualStudioVersion = 10.0.40219.1
Project("{FAE04EC0-301F-11D3-BF4B-00C04F79EFBC}") = "Task 2", "Task 2.csproj", "{CF9099BA-C5C8-4B18-AAE6-A36A26AB3C22}"
EndProject
Global
	GlobalSection(SolutionConfigurationPlatforms) = preSolution
		Debug|Any CPU = Debug|Any CPU
		Release|Any CPU = Release|Any CPU
	EndGlobalSection
	GlobalSection(ProjectConfigurationPlatforms) = postSolution
		{CF9099BA-C5C8-4B18-AAE6-A36A26AB3C22}.Debug|Any CPU.ActiveCfg = Debug|Any CPU
		{CF9099BA-C5C8-4B18-AAE6-A36A26AB3C22}.Debug|Any CPU.Build.0 = Debug|Any CPU
		{CF9099BA-C5C8-4B18-AAE6-A36A26AB3C22}.Release|Any CPU.ActiveCfg = Release|Any CPU
		{CF9099BA-C5C8-4B18-AAE6-A36A26AB3C22}.Release|Any CPU.Build.0 = Release|Any CPU
	EndGlobalSection
	GlobalSection(SolutionProperties) = preSolution
		HideSolutionNode = FALSE
	EndGlobalSection
EndGlobal
