
Microsoft Visual Studio Solution File, Format Version 12.00
# Visual Studio Express 2012 for Windows Desktop
Project("{FAE04EC0-301F-11D3-BF4B-00C04F79EFBC}") = "Task", "Task.csproj", "{AF8D3FE2-89F1-4611-9AF7-A6E62E9B7885}"
EndProject
Global
	GlobalSection(SolutionConfigurationPlatforms) = preSolution
		Debug|Any CPU = Debug|Any CPU
		Release|Any CPU = Release|Any CPU
	EndGlobalSection
	GlobalSection(ProjectConfigurationPlatforms) = postSolution
		{AF8D3FE2-89F1-4611-9AF7-A6E62E9B7885}.Debug|Any CPU.ActiveCfg = Debug|Any CPU
		{AF8D3FE2-89F1-4611-9AF7-A6E62E9B7885}.Debug|Any CPU.Build.0 = Debug|Any CPU
		{AF8D3FE2-89F1-4611-9AF7-A6E62E9B7885}.Release|Any CPU.ActiveCfg = Release|Any CPU
		{AF8D3FE2-89F1-4611-9AF7-A6E62E9B7885}.Release|Any CPU.Build.0 = Release|Any CPU
	EndGlobalSection
	GlobalSection(SolutionProperties) = preSolution
		HideSolutionNode = FALSE
	EndGlobalSection
EndGlobal
